// !$*UTF8*$!
{
	archiveVersion = 1;
	classes = {
	};
	objectVersion = 56;
	objects = {

/* Begin PBXBuildFile section */
		04BB08432942F8CA00F2532F /* model.swift in Sources */ = {isa = PBXBuildFile; fileRef = 04BB08422942F8CA00F2532F /* model.swift */; };
		04C6C57B2940FF4D006232A9 /* AppDelegate.swift in Sources */ = {isa = PBXBuildFile; fileRef = 04C6C57A2940FF4D006232A9 /* AppDelegate.swift */; };
		04C6C57D2940FF4D006232A9 /* SceneDelegate.swift in Sources */ = {isa = PBXBuildFile; fileRef = 04C6C57C2940FF4D006232A9 /* SceneDelegate.swift */; };
		04C6C57F2940FF4D006232A9 /* ViewController.swift in Sources */ = {isa = PBXBuildFile; fileRef = 04C6C57E2940FF4D006232A9 /* ViewController.swift */; };
		04C6C5822940FF4D006232A9 /* Main.storyboard in Resources */ = {isa = PBXBuildFile; fileRef = 04C6C5802940FF4D006232A9 /* Main.storyboard */; };
		04C6C5842940FF4E006232A9 /* Assets.xcassets in Resources */ = {isa = PBXBuildFile; fileRef = 04C6C5832940FF4E006232A9 /* Assets.xcassets */; };
		04C6C5872940FF4E006232A9 /* LaunchScreen.storyboard in Resources */ = {isa = PBXBuildFile; fileRef = 04C6C5852940FF4E006232A9 /* LaunchScreen.storyboard */; };
		04C6C5A329410589006232A9 /* TableViewController.swift in Sources */ = {isa = PBXBuildFile; fileRef = 04C6C5A129410589006232A9 /* TableViewController.swift */; };
		04C6C5A429410589006232A9 /* TableViewController.xib in Resources */ = {isa = PBXBuildFile; fileRef = 04C6C5A229410589006232A9 /* TableViewController.xib */; };
		05AF722A2943B44C00C2F55D /* TableViewCell.swift in Sources */ = {isa = PBXBuildFile; fileRef = 05AF72282943B44C00C2F55D /* TableViewCell.swift */; };
		05AF722B2943B44C00C2F55D /* TableViewCell.xib in Resources */ = {isa = PBXBuildFile; fileRef = 05AF72292943B44C00C2F55D /* TableViewCell.xib */; };
		05AF72312943B78700C2F55D /* FirstViewController.swift in Sources */ = {isa = PBXBuildFile; fileRef = 05AF722F2943B78700C2F55D /* FirstViewController.swift */; };
		05AF72322943B78700C2F55D /* FirstViewController.xib in Resources */ = {isa = PBXBuildFile; fileRef = 05AF72302943B78700C2F55D /* FirstViewController.xib */; };
		05AF72362943B8F900C2F55D /* ScrollViewController.swift in Sources */ = {isa = PBXBuildFile; fileRef = 05AF72342943B8F900C2F55D /* ScrollViewController.swift */; };
		05AF72372943B8F900C2F55D /* ScrollViewController.xib in Resources */ = {isa = PBXBuildFile; fileRef = 05AF72352943B8F900C2F55D /* ScrollViewController.xib */; };
/* End PBXBuildFile section */

/* Begin PBXFileReference section */
		04BB08422942F8CA00F2532F /* model.swift */ = {isa = PBXFileReference; lastKnownFileType = sourcecode.swift; path = model.swift; sourceTree = "<group>"; };
		04C6C5772940FF4D006232A9 /* vazifa 7.12.app */ = {isa = PBXFileReference; explicitFileType = wrapper.application; includeInIndex = 0; path = "vazifa 7.12.app"; sourceTree = BUILT_PRODUCTS_DIR; };
		04C6C57A2940FF4D006232A9 /* AppDelegate.swift */ = {isa = PBXFileReference; lastKnownFileType = sourcecode.swift; path = AppDelegate.swift; sourceTree = "<group>"; };
		04C6C57C2940FF4D006232A9 /* SceneDelegate.swift */ = {isa = PBXFileReference; lastKnownFileType = sourcecode.swift; path = SceneDelegate.swift; sourceTree = "<group>"; };
		04C6C57E2940FF4D006232A9 /* ViewController.swift */ = {isa = PBXFileReference; lastKnownFileType = sourcecode.swift; path = ViewController.swift; sourceTree = "<group>"; };
		04C6C5812940FF4D006232A9 /* Base */ = {isa = PBXFileReference; lastKnownFileType = file.storyboard; name = Base; path = Base.lproj/Main.storyboard; sourceTree = "<group>"; };
		04C6C5832940FF4E006232A9 /* Assets.xcassets */ = {isa = PBXFileReference; lastKnownFileType = folder.assetcatalog; path = Assets.xcassets; sourceTree = "<group>"; };
		04C6C5862940FF4E006232A9 /* Base */ = {isa = PBXFileReference; lastKnownFileType = file.storyboard; name = Base; path = Base.lproj/LaunchScreen.storyboard; sourceTree = "<group>"; };
		04C6C5882940FF4E006232A9 /* Info.plist */ = {isa = PBXFileReference; lastKnownFileType = text.plist.xml; path = Info.plist; sourceTree = "<group>"; };
		04C6C5A129410589006232A9 /* TableViewController.swift */ = {isa = PBXFileReference; lastKnownFileType = sourcecode.swift; path = TableViewController.swift; sourceTree = "<group>"; };
		04C6C5A229410589006232A9 /* TableViewController.xib */ = {isa = PBXFileReference; lastKnownFileType = file.xib; path = TableViewController.xib; sourceTree = "<group>"; };
		05AF72282943B44C00C2F55D /* TableViewCell.swift */ = {isa = PBXFileReference; lastKnownFileType = sourcecode.swift; path = TableViewCell.swift; sourceTree = "<group>"; };
		05AF72292943B44C00C2F55D /* TableViewCell.xib */ = {isa = PBXFileReference; lastKnownFileType = file.xib; path = TableViewCell.xib; sourceTree = "<group>"; };
		05AF722F2943B78700C2F55D /* FirstViewController.swift */ = {isa = PBXFileReference; lastKnownFileType = sourcecode.swift; path = FirstViewController.swift; sourceTree = "<group>"; };
		05AF72302943B78700C2F55D /* FirstViewController.xib */ = {isa = PBXFileReference; lastKnownFileType = file.xib; path = FirstViewController.xib; sourceTree = "<group>"; };
		05AF72342943B8F900C2F55D /* ScrollViewController.swift */ = {isa = PBXFileReference; lastKnownFileType = sourcecode.swift; path = ScrollViewController.swift; sourceTree = "<group>"; };
		05AF72352943B8F900C2F55D /* ScrollViewController.xib */ = {isa = PBXFileReference; lastKnownFileType = file.xib; path = ScrollViewController.xib; sourceTree = "<group>"; };
/* End PBXFileReference section */

/* Begin PBXFrameworksBuildPhase section */
		04C6C5742940FF4D006232A9 /* Frameworks */ = {
			isa = PBXFrameworksBuildPhase;
			buildActionMask = 2147483647;
			files = (
			);
			runOnlyForDeploymentPostprocessing = 0;
		};
/* End PBXFrameworksBuildPhase section */

/* Begin PBXGroup section */
		04BB08412942F81F00F2532F /* model */ = {
			isa = PBXGroup;
			children = (
				04BB08422942F8CA00F2532F /* model.swift */,
			);
			path = model;
			sourceTree = "<group>";
		};
		04C6C56E2940FF4D006232A9 = {
			isa = PBXGroup;
			children = (
				04C6C5792940FF4D006232A9 /* vazifa 7.12 */,
				04C6C5782940FF4D006232A9 /* Products */,
			);
			sourceTree = "<group>";
		};
		04C6C5782940FF4D006232A9 /* Products */ = {
			isa = PBXGroup;
			children = (
				04C6C5772940FF4D006232A9 /* vazifa 7.12.app */,
			);
			name = Products;
			sourceTree = "<group>";
		};
		04C6C5792940FF4D006232A9 /* vazifa 7.12 */ = {
			isa = PBXGroup;
			children = (
				04C6C5A029410217006232A9 /* utils */,
				05AF722C2943B75400C2F55D /* main */,
				04C6C5932940FFA0006232A9 /* tableview */,
				05AF72332943B8D700C2F55D /* scroll */,
				04BB08412942F81F00F2532F /* model */,
				04C6C5882940FF4E006232A9 /* Info.plist */,
			);
			path = "vazifa 7.12";
			sourceTree = "<group>";
		};
		04C6C5932940FFA0006232A9 /* tableview */ = {
			isa = PBXGroup;
			children = (
				05AF72272943B40800C2F55D /* cell */,
				04C6C5A129410589006232A9 /* TableViewController.swift */,
				04C6C5A229410589006232A9 /* TableViewController.xib */,
			);
			path = tableview;
			sourceTree = "<group>";
		};
		04C6C5A029410217006232A9 /* utils */ = {
			isa = PBXGroup;
			children = (
				04C6C57A2940FF4D006232A9 /* AppDelegate.swift */,
				04C6C57C2940FF4D006232A9 /* SceneDelegate.swift */,
				04C6C57E2940FF4D006232A9 /* ViewController.swift */,
				04C6C5802940FF4D006232A9 /* Main.storyboard */,
				04C6C5832940FF4E006232A9 /* Assets.xcassets */,
				04C6C5852940FF4E006232A9 /* LaunchScreen.storyboard */,
			);
			path = utils;
			sourceTree = "<group>";
		};
		05AF72272943B40800C2F55D /* cell */ = {
			isa = PBXGroup;
			children = (
				05AF72282943B44C00C2F55D /* TableViewCell.swift */,
				05AF72292943B44C00C2F55D /* TableViewCell.xib */,
			);
			path = cell;
			sourceTree = "<group>";
		};
		05AF722C2943B75400C2F55D /* main */ = {
			isa = PBXGroup;
			children = (
				05AF722F2943B78700C2F55D /* FirstViewController.swift */,
				05AF72302943B78700C2F55D /* FirstViewController.xib */,
			);
			path = main;
			sourceTree = "<group>";
		};
		05AF72332943B8D700C2F55D /* scroll */ = {
			isa = PBXGroup;
			children = (
				05AF72342943B8F900C2F55D /* ScrollViewController.swift */,
				05AF72352943B8F900C2F55D /* ScrollViewController.xib */,
			);
			path = scroll;
			sourceTree = "<group>";
		};
/* End PBXGroup section */

/* Begin PBXNativeTarget section */
		04C6C5762940FF4D006232A9 /* vazifa 7.12 */ = {
			isa = PBXNativeTarget;
			buildConfigurationList = 04C6C58B2940FF4E006232A9 /* Build configuration list for PBXNativeTarget "vazifa 7.12" */;
			buildPhases = (
				04C6C5732940FF4D006232A9 /* Sources */,
				04C6C5742940FF4D006232A9 /* Frameworks */,
				04C6C5752940FF4D006232A9 /* Resources */,
			);
			buildRules = (
			);
			dependencies = (
			);
			name = "vazifa 7.12";
			productName = "vazifa 7.12";
			productReference = 04C6C5772940FF4D006232A9 /* vazifa 7.12.app */;
			productType = "com.apple.product-type.application";
		};
/* End PBXNativeTarget section */

/* Begin PBXProject section */
		04C6C56F2940FF4D006232A9 /* Project object */ = {
			isa = PBXProject;
			attributes = {
				BuildIndependentTargetsInParallel = 1;
				LastSwiftUpdateCheck = 1410;
				LastUpgradeCheck = 1410;
				TargetAttributes = {
					04C6C5762940FF4D006232A9 = {
						CreatedOnToolsVersion = 14.1;
					};
				};
			};
			buildConfigurationList = 04C6C5722940FF4D006232A9 /* Build configuration list for PBXProject "vazifa 7.12" */;
			compatibilityVersion = "Xcode 14.0";
			developmentRegion = en;
			hasScannedForEncodings = 0;
			knownRegions = (
				en,
				Base,
			);
			mainGroup = 04C6C56E2940FF4D006232A9;
			productRefGroup = 04C6C5782940FF4D006232A9 /* Products */;
			projectDirPath = "";
			projectRoot = "";
			targets = (
				04C6C5762940FF4D006232A9 /* vazifa 7.12 */,
			);
		};
/* End PBXProject section */

/* Begin PBXResourcesBuildPhase section */
		04C6C5752940FF4D006232A9 /* Resources */ = {
			isa = PBXResourcesBuildPhase;
			buildActionMask = 2147483647;
			files = (
				04C6C5872940FF4E006232A9 /* LaunchScreen.storyboard in Resources */,
				05AF72322943B78700C2F55D /* FirstViewController.xib in Resources */,
				05AF722B2943B44C00C2F55D /* TableViewCell.xib in Resources */,
				05AF72372943B8F900C2F55D /* ScrollViewController.xib in Resources */,
				04C6C5A429410589006232A9 /* TableViewController.xib in Resources */,
				04C6C5842940FF4E006232A9 /* Assets.xcassets in Resources */,
				04C6C5822940FF4D006232A9 /* Main.storyboard in Resources */,
			);
			runOnlyForDeploymentPostprocessing = 0;
		};
/* End PBXResourcesBuildPhase section */

/* Begin PBXSourcesBuildPhase section */
		04C6C5732940FF4D006232A9 /* Sources */ = {
			isa = PBXSourcesBuildPhase;
			buildActionMask = 2147483647;
			files = (
				04C6C5A329410589006232A9 /* TableViewController.swift in Sources */,
				04BB08432942F8CA00F2532F /* model.swift in Sources */,
				04C6C57F2940FF4D006232A9 /* ViewController.swift in Sources */,
				05AF72362943B8F900C2F55D /* ScrollViewController.swift in Sources */,
				05AF722A2943B44C00C2F55D /* TableViewCell.swift in Sources */,
				04C6C57B2940FF4D006232A9 /* AppDelegate.swift in Sources */,
				04C6C57D2940FF4D006232A9 /* SceneDelegate.swift in Sources */,
				05AF72312943B78700C2F55D /* FirstViewController.swift in Sources */,
			);
			runOnlyForDeploymentPostprocessing = 0;
		};
/* End PBXSourcesBuildPhase section */

/* Begin PBXVariantGroup section */
		04C6C5802940FF4D006232A9 /* Main.storyboard */ = {
			isa = PBXVariantGroup;
			children = (
				04C6C5812940FF4D006232A9 /* Base */,
			);
			name = Main.storyboard;
			sourceTree = "<group>";
		};
		04C6C5852940FF4E006232A9 /* LaunchScreen.storyboard */ = {
			isa = PBXVariantGroup;
			children = (
				04C6C5862940FF4E006232A9 /* Base */,
			);
			name = LaunchScreen.storyboard;
			sourceTree = "<group>";
		};
/* End PBXVariantGroup section */

/* Begin XCBuildConfiguration section */
		04C6C5892940FF4E006232A9 /* Debug */ = {
			isa = XCBuildConfiguration;
			buildSettings = {
				ALWAYS_SEARCH_USER_PATHS = NO;
				CLANG_ANALYZER_NONNULL = YES;
				CLANG_ANALYZER_NUMBER_OBJECT_CONVERSION = YES_AGGRESSIVE;
				CLANG_CXX_LANGUAGE_STANDARD = "gnu++20";
				CLANG_ENABLE_MODULES = YES;
				CLANG_ENABLE_OBJC_ARC = YES;
				CLANG_ENABLE_OBJC_WEAK = YES;
				CLANG_WARN_BLOCK_CAPTURE_AUTORELEASING = YES;
				CLANG_WARN_BOOL_CONVERSION = YES;
				CLANG_WARN_COMMA = YES;
				CLANG_WARN_CONSTANT_CONVERSION = YES;
				CLANG_WARN_DEPRECATED_OBJC_IMPLEMENTATIONS = YES;
				CLANG_WARN_DIRECT_OBJC_ISA_USAGE = YES_ERROR;
				CLANG_WARN_DOCUMENTATION_COMMENTS = YES;
				CLANG_WARN_EMPTY_BODY = YES;
				CLANG_WARN_ENUM_CONVERSION = YES;
				CLANG_WARN_INFINITE_RECURSION = YES;
				CLANG_WARN_INT_CONVERSION = YES;
				CLANG_WARN_NON_LITERAL_NULL_CONVERSION = YES;
				CLANG_WARN_OBJC_IMPLICIT_RETAIN_SELF = YES;
				CLANG_WARN_OBJC_LITERAL_CONVERSION = YES;
				CLANG_WARN_OBJC_ROOT_CLASS = YES_ERROR;
				CLANG_WARN_QUOTED_INCLUDE_IN_FRAMEWORK_HEADER = YES;
				CLANG_WARN_RANGE_LOOP_ANALYSIS = YES;
				CLANG_WARN_STRICT_PROTOTYPES = YES;
				CLANG_WARN_SUSPICIOUS_MOVE = YES;
				CLANG_WARN_UNGUARDED_AVAILABILITY = YES_AGGRESSIVE;
				CLANG_WARN_UNREACHABLE_CODE = YES;
				CLANG_WARN__DUPLICATE_METHOD_MATCH = YES;
				COPY_PHASE_STRIP = NO;
				DEBUG_INFORMATION_FORMAT = dwarf;
				ENABLE_STRICT_OBJC_MSGSEND = YES;
				ENABLE_TESTABILITY = YES;
				GCC_C_LANGUAGE_STANDARD = gnu11;
				GCC_DYNAMIC_NO_PIC = NO;
				GCC_NO_COMMON_BLOCKS = YES;
				GCC_OPTIMIZATION_LEVEL = 0;
				GCC_PREPROCESSOR_DEFINITIONS = (
					"DEBUG=1",
					"$(inherited)",
				);
				GCC_WARN_64_TO_32_BIT_CONVERSION = YES;
				GCC_WARN_ABOUT_RETURN_TYPE = YES_ERROR;
				GCC_WARN_UNDECLARED_SELECTOR = YES;
				GCC_WARN_UNINITIALIZED_AUTOS = YES_AGGRESSIVE;
				GCC_WARN_UNUSED_FUNCTION = YES;
				GCC_WARN_UNUSED_VARIABLE = YES;
				IPHONEOS_DEPLOYMENT_TARGET = 16.1;
				MTL_ENABLE_DEBUG_INFO = INCLUDE_SOURCE;
				MTL_FAST_MATH = YES;
				ONLY_ACTIVE_ARCH = YES;
				SDKROOT = iphoneos;
				SWIFT_ACTIVE_COMPILATION_CONDITIONS = DEBUG;
				SWIFT_OPTIMIZATION_LEVEL = "-Onone";
			};
			name = Debug;
		};
		04C6C58A2940FF4E006232A9 /* Release */ = {
			isa = XCBuildConfiguration;
			buildSettings = {
				ALWAYS_SEARCH_USER_PATHS = NO;
				CLANG_ANALYZER_NONNULL = YES;
				CLANG_ANALYZER_NUMBER_OBJECT_CONVERSION = YES_AGGRESSIVE;
				CLANG_CXX_LANGUAGE_STANDARD = "gnu++20";
				CLANG_ENABLE_MODULES = YES;
				CLANG_ENABLE_OBJC_ARC = YES;
				CLANG_ENABLE_OBJC_WEAK = YES;
				CLANG_WARN_BLOCK_CAPTURE_AUTORELEASING = YES;
				CLANG_WARN_BOOL_CONVERSION = YES;
				CLANG_WARN_COMMA = YES;
				CLANG_WARN_CONSTANT_CONVERSION = YES;
				CLANG_WARN_DEPRECATED_OBJC_IMPLEMENTATIONS = YES;
				CLANG_WARN_DIRECT_OBJC_ISA_USAGE = YES_ERROR;
				CLANG_WARN_DOCUMENTATION_COMMENTS = YES;
				CLANG_WARN_EMPTY_BODY = YES;
				CLANG_WARN_ENUM_CONVERSION = YES;
				CLANG_WARN_INFINITE_RECURSION = YES;
				CLANG_WARN_INT_CONVERSION = YES;
				CLANG_WARN_NON_LITERAL_NULL_CONVERSION = YES;
				CLANG_WARN_OBJC_IMPLICIT_RETAIN_SELF = YES;
				CLANG_WARN_OBJC_LITERAL_CONVERSION = YES;
				CLANG_WARN_OBJC_ROOT_CLASS = YES_ERROR;
				CLANG_WARN_QUOTED_INCLUDE_IN_FRAMEWORK_HEADER = YES;
				CLANG_WARN_RANGE_LOOP_ANALYSIS = YES;
				CLANG_WARN_STRICT_PROTOTYPES = YES;
				CLANG_WARN_SUSPICIOUS_MOVE = YES;
				CLANG_WARN_UNGUARDED_AVAILABILITY = YES_AGGRESSIVE;
				CLANG_WARN_UNREACHABLE_CODE = YES;
				CLANG_WARN__DUPLICATE_METHOD_MATCH = YES;
				COPY_PHASE_STRIP = NO;
				DEBUG_INFORMATION_FORMAT = "dwarf-with-dsym";
				ENABLE_NS_ASSERTIONS = NO;
				ENABLE_STRICT_OBJC_MSGSEND = YES;
				GCC_C_LANGUAGE_STANDARD = gnu11;
				GCC_NO_COMMON_BLOCKS = YES;
				GCC_WARN_64_TO_32_BIT_CONVERSION = YES;
				GCC_WARN_ABOUT_RETURN_TYPE = YES_ERROR;
				GCC_WARN_UNDECLARED_SELECTOR = YES;
				GCC_WARN_UNINITIALIZED_AUTOS = YES_AGGRESSIVE;
				GCC_WARN_UNUSED_FUNCTION = YES;
				GCC_WARN_UNUSED_VARIABLE = YES;
				IPHONEOS_DEPLOYMENT_TARGET = 16.1;
				MTL_ENABLE_DEBUG_INFO = NO;
				MTL_FAST_MATH = YES;
				SDKROOT = iphoneos;
				SWIFT_COMPILATION_MODE = wholemodule;
				SWIFT_OPTIMIZATION_LEVEL = "-O";
				VALIDATE_PRODUCT = YES;
			};
			name = Release;
		};
		04C6C58C2940FF4E006232A9 /* Debug */ = {
			isa = XCBuildConfiguration;
			buildSettings = {
				ASSETCATALOG_COMPILER_APPICON_NAME = AppIcon;
				ASSETCATALOG_COMPILER_GLOBAL_ACCENT_COLOR_NAME = AccentColor;
				CODE_SIGN_STYLE = Automatic;
				CURRENT_PROJECT_VERSION = 1;
				DEVELOPMENT_TEAM = 8D8Y4CXLPD;
				GENERATE_INFOPLIST_FILE = YES;
				INFOPLIST_FILE = "vazifa 7.12/Info.plist";
				INFOPLIST_KEY_UIApplicationSupportsIndirectInputEvents = YES;
				INFOPLIST_KEY_UILaunchStoryboardName = LaunchScreen;
				INFOPLIST_KEY_UIMainStoryboardFile = Main;
				INFOPLIST_KEY_UISupportedInterfaceOrientations_iPad = "UIInterfaceOrientationPortrait UIInterfaceOrientationPortraitUpsideDown UIInterfaceOrientationLandscapeLeft UIInterfaceOrientationLandscapeRight";
				INFOPLIST_KEY_UISupportedInterfaceOrientations_iPhone = "UIInterfaceOrientationPortrait UIInterfaceOrientationLandscapeLeft UIInterfaceOrientationLandscapeRight";
				LD_RUNPATH_SEARCH_PATHS = (
					"$(inherited)",
					"@executable_path/Frameworks",
				);
				MARKETING_VERSION = 1.0;
				PRODUCT_BUNDLE_IDENTIFIER = "Muminov.vazifa-7-12";
				PRODUCT_NAME = "$(TARGET_NAME)";
				SWIFT_EMIT_LOC_STRINGS = YES;
				SWIFT_VERSION = 5.0;
				TARGETED_DEVICE_FAMILY = "1,2";
			};
			name = Debug;
		};
		04C6C58D2940FF4E006232A9 /* Release */ = {
			isa = XCBuildConfiguration;
			buildSettings = {
				ASSETCATALOG_COMPILER_APPICON_NAME = AppIcon;
				ASSETCATALOG_COMPILER_GLOBAL_ACCENT_COLOR_NAME = AccentColor;
				CODE_SIGN_STYLE = Automatic;
				CURRENT_PROJECT_VERSION = 1;
				DEVELOPMENT_TEAM = 8D8Y4CXLPD;
				GENERATE_INFOPLIST_FILE = YES;
				INFOPLIST_FILE = "vazifa 7.12/Info.plist";
				INFOPLIST_KEY_UIApplicationSupportsIndirectInputEvents = YES;
				INFOPLIST_KEY_UILaunchStoryboardName = LaunchScreen;
				INFOPLIST_KEY_UIMainStoryboardFile = Main;
				INFOPLIST_KEY_UISupportedInterfaceOrientations_iPad = "UIInterfaceOrientationPortrait UIInterfaceOrientationPortraitUpsideDown UIInterfaceOrientationLandscapeLeft UIInterfaceOrientationLandscapeRight";
				INFOPLIST_KEY_UISupportedInterfaceOrientations_iPhone = "UIInterfaceOrientationPortrait UIInterfaceOrientationLandscapeLeft UIInterfaceOrientationLandscapeRight";
				LD_RUNPATH_SEARCH_PATHS = (
					"$(inherited)",
					"@executable_path/Frameworks",
				);
				MARKETING_VERSION = 1.0;
				PRODUCT_BUNDLE_IDENTIFIER = "Muminov.vazifa-7-12";
				PRODUCT_NAME = "$(TARGET_NAME)";
				SWIFT_EMIT_LOC_STRINGS = YES;
				SWIFT_VERSION = 5.0;
				TARGETED_DEVICE_FAMILY = "1,2";
			};
			name = Release;
		};
/* End XCBuildConfiguration section */

/* Begin XCConfigurationList section */
		04C6C5722940FF4D006232A9 /* Build configuration list for PBXProject "vazifa 7.12" */ = {
			isa = XCConfigurationList;
			buildConfigurations = (
				04C6C5892940FF4E006232A9 /* Debug */,
				04C6C58A2940FF4E006232A9 /* Release */,
			);
			defaultConfigurationIsVisible = 0;
			defaultConfigurationName = Release;
		};
		04C6C58B2940FF4E006232A9 /* Build configuration list for PBXNativeTarget "vazifa 7.12" */ = {
			isa = XCConfigurationList;
			buildConfigurations = (
				04C6C58C2940FF4E006232A9 /* Debug */,
				04C6C58D2940FF4E006232A9 /* Release */,
			);
			defaultConfigurationIsVisible = 0;
			defaultConfigurationName = Release;
		};
/* End XCConfigurationList section */
	};
	rootObject = 04C6C56F2940FF4D006232A9 /* Project object */;
}
